
Microsoft Visual Studio Solution File, Format Version 12.00
Project("{FAE04EC0-301F-11D3-BF4B-00C04F79EFBC}") = "AuthService.API", "AuthService.API\AuthService.API.csproj", "{8B1DD370-1EB4-4A1D-816A-D1E2132CF077}"
EndProject
Project("{2150E333-8FDC-42A3-9474-1A3956D46DE8}") = "Solution Items", "Solution Items", "{CA92F951-6EC2-443A-B630-2BC884FAFEDB}"
	ProjectSection(SolutionItems) = preProject
		compose.yaml = compose.yaml
	EndProjectSection
EndProject
Project("{2150E333-8FDC-42A3-9474-1A3956D46DE8}") = "ApiGateway", "ApiGateway", "{A8823D14-E614-4E14-94E8-136ED9865C45}"
EndProject
Project("{2150E333-8FDC-42A3-9474-1A3956D46DE8}") = "Services", "Services", "{81CA8F98-6777-431D-A9AF-FDD19A25F947}"
EndProject
Project("{FAE04EC0-301F-11D3-BF4B-00C04F79EFBC}") = "ScheduleService.API", "ScheduleService.API\ScheduleService.API.csproj", "{B142329F-E76D-4785-AEA2-F78CA1E1BD0C}"
EndProject
Project("{FAE04EC0-301F-11D3-BF4B-00C04F79EFBC}") = "RequestTicketService", "RequestTicketService\RequestTicketService.csproj", "{3A189E71-2287-48D0-9CFF-CCF7BD3A688A}"
EndProject
Project("{FAE04EC0-301F-11D3-BF4B-00C04F79EFBC}") = "DocumentService", "DocumentService\DocumentService.csproj", "{9D81B891-2475-4958-B9C5-35387AEB9A68}"
EndProject
Project("{FAE04EC0-301F-11D3-BF4B-00C04F79EFBC}") = "AppointmentService.API", "AppointmentService.API\AppointmentService.API.csproj", "{35E24F13-111C-4AA7-A0CC-DD235C21B4A0}"
EndProject
Project("{FAE04EC0-301F-11D3-BF4B-00C04F79EFBC}") = "PaymentService.API", "PaymentService.API\PaymentService.API.csproj", "{35D4ED22-EF90-464E-92D7-EF1BD71B61C7}"
EndProject
Project("{FAE04EC0-301F-11D3-BF4B-00C04F79EFBC}") = "SystemFeedbackService", "SystemFeedbackService\SystemFeedbackService.csproj", "{D21A39C3-550F-4C78-9906-9D305A3DDA83}"
EndProject
Project("{2150E333-8FDC-42A3-9474-1A3956D46DE8}") = "AuthService", "AuthService", "{C3D22D1F-0C4C-40A6-8D3D-60851054FBFB}"
EndProject
Project("{FAE04EC0-301F-11D3-BF4B-00C04F79EFBC}") = "AuthService.Domain", "AuthService.Domain\AuthService.Domain.csproj", "{955F777F-589C-40F2-8037-D92ACA1BE0DD}"
EndProject
Project("{FAE04EC0-301F-11D3-BF4B-00C04F79EFBC}") = "AuthService.Application", "AuthService.Application\AuthService.Application.csproj", "{7FA92A06-EA1E-4C6D-9F18-8D39B106A1A6}"
EndProject
Project("{FAE04EC0-301F-11D3-BF4B-00C04F79EFBC}") = "AuthService.Infrastructure", "AuthService.Infrastructure\AuthService.Infrastructure.csproj", "{5348490D-264D-48D8-A664-7BC14C61ABCC}"
EndProject
Project("{2150E333-8FDC-42A3-9474-1A3956D46DE8}") = "BuildingBlocks", "BuildingBlocks", "{F3C10662-518C-44F0-B3FF-E4ED4A3AF28A}"
EndProject
Project("{FAE04EC0-301F-11D3-BF4B-00C04F79EFBC}") = "BuildingBlocks", "BuildingBlocks\BuildingBlocks.csproj", "{2D5A220B-1CA3-4873-BA73-48BF5543BBD2}"
EndProject
Project("{2150E333-8FDC-42A3-9474-1A3956D46DE8}") = "AppointmentService", "AppointmentService", "{9938CB32-7C09-4937-9BC5-750724254458}"
EndProject
Project("{FAE04EC0-301F-11D3-BF4B-00C04F79EFBC}") = "AppointmentService.Domain", "AppointmentService.Domain\AppointmentService.Domain.csproj", "{F3B41E01-BEBD-44E8-9706-D864FE14D99D}"
EndProject
Project("{FAE04EC0-301F-11D3-BF4B-00C04F79EFBC}") = "AppointmentService.Application", "AppointmentService.Application\AppointmentService.Application.csproj", "{7744D143-6943-40CD-B793-55C103BE2CE6}"
EndProject
Project("{FAE04EC0-301F-11D3-BF4B-00C04F79EFBC}") = "AppointmentService.Infrastructure", "AppointmentService.Infrastructure\AppointmentService.Infrastructure.csproj", "{808D1858-E064-4891-91ED-BB864C6DBC44}"
EndProject
Project("{2150E333-8FDC-42A3-9474-1A3956D46DE8}") = "ScheduleService", "ScheduleService", "{F6467FDE-03A9-4561-9CF5-F16A7F23A1BF}"
EndProject
Project("{FAE04EC0-301F-11D3-BF4B-00C04F79EFBC}") = "ScheduleService.Application", "ScheduleService.Application\ScheduleService.Application.csproj", "{940D41CE-4D68-4C16-A5A8-E3A47C1819F2}"
EndProject
Project("{FAE04EC0-301F-11D3-BF4B-00C04F79EFBC}") = "ScheduleService.Domain", "ScheduleService.Domain\ScheduleService.Domain.csproj", "{D1369406-19DF-4659-AA08-33B9AA1EB642}"
EndProject
Project("{FAE04EC0-301F-11D3-BF4B-00C04F79EFBC}") = "ScheduleService.Infrastructure", "ScheduleService.Infrastructure\ScheduleService.Infrastructure.csproj", "{0C245EBC-A512-463D-BCC7-B6BC85B86D64}"
EndProject
Project("{2150E333-8FDC-42A3-9474-1A3956D46DE8}") = "PaymentService", "PaymentService", "{13876E42-CD0B-47C7-91FE-D124587EA0D5}"
EndProject
Project("{FAE04EC0-301F-11D3-BF4B-00C04F79EFBC}") = "PaymentService.Application", "PaymentService.Application\PaymentService.Application.csproj", "{676FAD09-E011-42C7-8BDD-1DA94B19D1AD}"
EndProject
Project("{FAE04EC0-301F-11D3-BF4B-00C04F79EFBC}") = "PaymentService.Domain", "PaymentService.Domain\PaymentService.Domain.csproj", "{F3E294E4-0DAB-4AB2-9E6E-8FD3E5DA43B0}"
EndProject
Project("{FAE04EC0-301F-11D3-BF4B-00C04F79EFBC}") = "PaymentService.Infrastructure", "PaymentService.Infrastructure\PaymentService.Infrastructure.csproj", "{EC7105F0-8332-4820-8A36-2EB5579029EF}"
EndProject
Project("{2150E333-8FDC-42A3-9474-1A3956D46DE8}") = "Shared", "Shared", "{0685A46A-FBCF-4197-A0A2-9AC6BD830377}"
EndProject
Project("{FAE04EC0-301F-11D3-BF4B-00C04F79EFBC}") = "Common", "Common\Common.csproj", "{8D42FCD5-C700-4A8A-9C44-624151C42060}"
EndProject
Project("{2150E333-8FDC-42A3-9474-1A3956D46DE8}") = "Messages", "Messages", "{3B77AED7-CEB1-4B5D-BC45-787D4ECF82A6}"
EndProject
Project("{FAE04EC0-301F-11D3-BF4B-00C04F79EFBC}") = "RabbitMQ", "RabbitMQ\RabbitMQ.csproj", "{0674D603-0A91-42E9-976B-166D12DDAD09}"
EndProject
Project("{FAE04EC0-301F-11D3-BF4B-00C04F79EFBC}") = "Shared.Infrastructure.MongoDB", "Shared.Infrastructure.MongoDB\Shared.Infrastructure.MongoDB.csproj", "{9DE395CF-4152-484A-8905-79B193216E24}"
EndProject
Project("{FAE04EC0-301F-11D3-BF4B-00C04F79EFBC}") = "Shared.Infrastructure.PostgreSQL", "Shared.Infrastructure.PostgreSQL\Shared.Infrastructure.PostgreSQL.csproj", "{ED4B901D-03A9-4850-9097-6390DFC3BE70}"
EndProject
Project("{FAE04EC0-301F-11D3-BF4B-00C04F79EFBC}") = "Shared.Application", "Shared.Application\Shared.Application.csproj", "{539720F4-E9D3-41FF-8600-A6A6AF75CAC7}"
EndProject
Project("{FAE04EC0-301F-11D3-BF4B-00C04F79EFBC}") = "ReverseProxy", "ReverseProxy\ReverseProxy.csproj", "{8B867BF5-3AD5-4A7A-B0FF-66690D95E734}"
EndProject
Global
	GlobalSection(SolutionConfigurationPlatforms) = preSolution
		Debug|Any CPU = Debug|Any CPU
		Release|Any CPU = Release|Any CPU
	EndGlobalSection
	GlobalSection(ProjectConfigurationPlatforms) = postSolution
		{8B1DD370-1EB4-4A1D-816A-D1E2132CF077}.Debug|Any CPU.ActiveCfg = Debug|Any CPU
		{8B1DD370-1EB4-4A1D-816A-D1E2132CF077}.Debug|Any CPU.Build.0 = Debug|Any CPU
		{8B1DD370-1EB4-4A1D-816A-D1E2132CF077}.Release|Any CPU.ActiveCfg = Release|Any CPU
		{8B1DD370-1EB4-4A1D-816A-D1E2132CF077}.Release|Any CPU.Build.0 = Release|Any CPU
		{B142329F-E76D-4785-AEA2-F78CA1E1BD0C}.Debug|Any CPU.ActiveCfg = Debug|Any CPU
		{B142329F-E76D-4785-AEA2-F78CA1E1BD0C}.Debug|Any CPU.Build.0 = Debug|Any CPU
		{B142329F-E76D-4785-AEA2-F78CA1E1BD0C}.Release|Any CPU.ActiveCfg = Release|Any CPU
		{B142329F-E76D-4785-AEA2-F78CA1E1BD0C}.Release|Any CPU.Build.0 = Release|Any CPU
		{3A189E71-2287-48D0-9CFF-CCF7BD3A688A}.Debug|Any CPU.ActiveCfg = Debug|Any CPU
		{3A189E71-2287-48D0-9CFF-CCF7BD3A688A}.Debug|Any CPU.Build.0 = Debug|Any CPU
		{3A189E71-2287-48D0-9CFF-CCF7BD3A688A}.Release|Any CPU.ActiveCfg = Release|Any CPU
		{3A189E71-2287-48D0-9CFF-CCF7BD3A688A}.Release|Any CPU.Build.0 = Release|Any CPU
		{9D81B891-2475-4958-B9C5-35387AEB9A68}.Debug|Any CPU.ActiveCfg = Debug|Any CPU
		{9D81B891-2475-4958-B9C5-35387AEB9A68}.Debug|Any CPU.Build.0 = Debug|Any CPU
		{9D81B891-2475-4958-B9C5-35387AEB9A68}.Release|Any CPU.ActiveCfg = Release|Any CPU
		{9D81B891-2475-4958-B9C5-35387AEB9A68}.Release|Any CPU.Build.0 = Release|Any CPU
		{35E24F13-111C-4AA7-A0CC-DD235C21B4A0}.Debug|Any CPU.ActiveCfg = Debug|Any CPU
		{35E24F13-111C-4AA7-A0CC-DD235C21B4A0}.Debug|Any CPU.Build.0 = Debug|Any CPU
		{35E24F13-111C-4AA7-A0CC-DD235C21B4A0}.Release|Any CPU.ActiveCfg = Release|Any CPU
		{35E24F13-111C-4AA7-A0CC-DD235C21B4A0}.Release|Any CPU.Build.0 = Release|Any CPU
		{35D4ED22-EF90-464E-92D7-EF1BD71B61C7}.Debug|Any CPU.ActiveCfg = Debug|Any CPU
		{35D4ED22-EF90-464E-92D7-EF1BD71B61C7}.Debug|Any CPU.Build.0 = Debug|Any CPU
		{35D4ED22-EF90-464E-92D7-EF1BD71B61C7}.Release|Any CPU.ActiveCfg = Release|Any CPU
		{35D4ED22-EF90-464E-92D7-EF1BD71B61C7}.Release|Any CPU.Build.0 = Release|Any CPU
		{D21A39C3-550F-4C78-9906-9D305A3DDA83}.Debug|Any CPU.ActiveCfg = Debug|Any CPU
		{D21A39C3-550F-4C78-9906-9D305A3DDA83}.Debug|Any CPU.Build.0 = Debug|Any CPU
		{D21A39C3-550F-4C78-9906-9D305A3DDA83}.Release|Any CPU.ActiveCfg = Release|Any CPU
		{D21A39C3-550F-4C78-9906-9D305A3DDA83}.Release|Any CPU.Build.0 = Release|Any CPU
		{955F777F-589C-40F2-8037-D92ACA1BE0DD}.Debug|Any CPU.ActiveCfg = Debug|Any CPU
		{955F777F-589C-40F2-8037-D92ACA1BE0DD}.Debug|Any CPU.Build.0 = Debug|Any CPU
		{955F777F-589C-40F2-8037-D92ACA1BE0DD}.Release|Any CPU.ActiveCfg = Release|Any CPU
		{955F777F-589C-40F2-8037-D92ACA1BE0DD}.Release|Any CPU.Build.0 = Release|Any CPU
		{7FA92A06-EA1E-4C6D-9F18-8D39B106A1A6}.Debug|Any CPU.ActiveCfg = Debug|Any CPU
		{7FA92A06-EA1E-4C6D-9F18-8D39B106A1A6}.Debug|Any CPU.Build.0 = Debug|Any CPU
		{7FA92A06-EA1E-4C6D-9F18-8D39B106A1A6}.Release|Any CPU.ActiveCfg = Release|Any CPU
		{7FA92A06-EA1E-4C6D-9F18-8D39B106A1A6}.Release|Any CPU.Build.0 = Release|Any CPU
		{5348490D-264D-48D8-A664-7BC14C61ABCC}.Debug|Any CPU.ActiveCfg = Debug|Any CPU
		{5348490D-264D-48D8-A664-7BC14C61ABCC}.Debug|Any CPU.Build.0 = Debug|Any CPU
		{5348490D-264D-48D8-A664-7BC14C61ABCC}.Release|Any CPU.ActiveCfg = Release|Any CPU
		{5348490D-264D-48D8-A664-7BC14C61ABCC}.Release|Any CPU.Build.0 = Release|Any CPU
		{2D5A220B-1CA3-4873-BA73-48BF5543BBD2}.Debug|Any CPU.ActiveCfg = Debug|Any CPU
		{2D5A220B-1CA3-4873-BA73-48BF5543BBD2}.Debug|Any CPU.Build.0 = Debug|Any CPU
		{2D5A220B-1CA3-4873-BA73-48BF5543BBD2}.Release|Any CPU.ActiveCfg = Release|Any CPU
		{2D5A220B-1CA3-4873-BA73-48BF5543BBD2}.Release|Any CPU.Build.0 = Release|Any CPU
		{F3B41E01-BEBD-44E8-9706-D864FE14D99D}.Debug|Any CPU.ActiveCfg = Debug|Any CPU
		{F3B41E01-BEBD-44E8-9706-D864FE14D99D}.Debug|Any CPU.Build.0 = Debug|Any CPU
		{F3B41E01-BEBD-44E8-9706-D864FE14D99D}.Release|Any CPU.ActiveCfg = Release|Any CPU
		{F3B41E01-BEBD-44E8-9706-D864FE14D99D}.Release|Any CPU.Build.0 = Release|Any CPU
		{7744D143-6943-40CD-B793-55C103BE2CE6}.Debug|Any CPU.ActiveCfg = Debug|Any CPU
		{7744D143-6943-40CD-B793-55C103BE2CE6}.Debug|Any CPU.Build.0 = Debug|Any CPU
		{7744D143-6943-40CD-B793-55C103BE2CE6}.Release|Any CPU.ActiveCfg = Release|Any CPU
		{7744D143-6943-40CD-B793-55C103BE2CE6}.Release|Any CPU.Build.0 = Release|Any CPU
		{808D1858-E064-4891-91ED-BB864C6DBC44}.Debug|Any CPU.ActiveCfg = Debug|Any CPU
		{808D1858-E064-4891-91ED-BB864C6DBC44}.Debug|Any CPU.Build.0 = Debug|Any CPU
		{808D1858-E064-4891-91ED-BB864C6DBC44}.Release|Any CPU.ActiveCfg = Release|Any CPU
		{808D1858-E064-4891-91ED-BB864C6DBC44}.Release|Any CPU.Build.0 = Release|Any CPU
		{940D41CE-4D68-4C16-A5A8-E3A47C1819F2}.Debug|Any CPU.ActiveCfg = Debug|Any CPU
		{940D41CE-4D68-4C16-A5A8-E3A47C1819F2}.Debug|Any CPU.Build.0 = Debug|Any CPU
		{940D41CE-4D68-4C16-A5A8-E3A47C1819F2}.Release|Any CPU.ActiveCfg = Release|Any CPU
		{940D41CE-4D68-4C16-A5A8-E3A47C1819F2}.Release|Any CPU.Build.0 = Release|Any CPU
		{D1369406-19DF-4659-AA08-33B9AA1EB642}.Debug|Any CPU.ActiveCfg = Debug|Any CPU
		{D1369406-19DF-4659-AA08-33B9AA1EB642}.Debug|Any CPU.Build.0 = Debug|Any CPU
		{D1369406-19DF-4659-AA08-33B9AA1EB642}.Release|Any CPU.ActiveCfg = Release|Any CPU
		{D1369406-19DF-4659-AA08-33B9AA1EB642}.Release|Any CPU.Build.0 = Release|Any CPU
		{0C245EBC-A512-463D-BCC7-B6BC85B86D64}.Debug|Any CPU.ActiveCfg = Debug|Any CPU
		{0C245EBC-A512-463D-BCC7-B6BC85B86D64}.Debug|Any CPU.Build.0 = Debug|Any CPU
		{0C245EBC-A512-463D-BCC7-B6BC85B86D64}.Release|Any CPU.ActiveCfg = Release|Any CPU
		{0C245EBC-A512-463D-BCC7-B6BC85B86D64}.Release|Any CPU.Build.0 = Release|Any CPU
		{676FAD09-E011-42C7-8BDD-1DA94B19D1AD}.Debug|Any CPU.ActiveCfg = Debug|Any CPU
		{676FAD09-E011-42C7-8BDD-1DA94B19D1AD}.Debug|Any CPU.Build.0 = Debug|Any CPU
		{676FAD09-E011-42C7-8BDD-1DA94B19D1AD}.Release|Any CPU.ActiveCfg = Release|Any CPU
		{676FAD09-E011-42C7-8BDD-1DA94B19D1AD}.Release|Any CPU.Build.0 = Release|Any CPU
		{F3E294E4-0DAB-4AB2-9E6E-8FD3E5DA43B0}.Debug|Any CPU.ActiveCfg = Debug|Any CPU
		{F3E294E4-0DAB-4AB2-9E6E-8FD3E5DA43B0}.Debug|Any CPU.Build.0 = Debug|Any CPU
		{F3E294E4-0DAB-4AB2-9E6E-8FD3E5DA43B0}.Release|Any CPU.ActiveCfg = Release|Any CPU
		{F3E294E4-0DAB-4AB2-9E6E-8FD3E5DA43B0}.Release|Any CPU.Build.0 = Release|Any CPU
		{EC7105F0-8332-4820-8A36-2EB5579029EF}.Debug|Any CPU.ActiveCfg = Debug|Any CPU
		{EC7105F0-8332-4820-8A36-2EB5579029EF}.Debug|Any CPU.Build.0 = Debug|Any CPU
		{EC7105F0-8332-4820-8A36-2EB5579029EF}.Release|Any CPU.ActiveCfg = Release|Any CPU
		{EC7105F0-8332-4820-8A36-2EB5579029EF}.Release|Any CPU.Build.0 = Release|Any CPU
		{8D42FCD5-C700-4A8A-9C44-624151C42060}.Debug|Any CPU.ActiveCfg = Debug|Any CPU
		{8D42FCD5-C700-4A8A-9C44-624151C42060}.Debug|Any CPU.Build.0 = Debug|Any CPU
		{8D42FCD5-C700-4A8A-9C44-624151C42060}.Release|Any CPU.ActiveCfg = Release|Any CPU
		{8D42FCD5-C700-4A8A-9C44-624151C42060}.Release|Any CPU.Build.0 = Release|Any CPU
		{0674D603-0A91-42E9-976B-166D12DDAD09}.Debug|Any CPU.ActiveCfg = Debug|Any CPU
		{0674D603-0A91-42E9-976B-166D12DDAD09}.Debug|Any CPU.Build.0 = Debug|Any CPU
		{0674D603-0A91-42E9-976B-166D12DDAD09}.Release|Any CPU.ActiveCfg = Release|Any CPU
		{0674D603-0A91-42E9-976B-166D12DDAD09}.Release|Any CPU.Build.0 = Release|Any CPU
		{9DE395CF-4152-484A-8905-79B193216E24}.Debug|Any CPU.ActiveCfg = Debug|Any CPU
		{9DE395CF-4152-484A-8905-79B193216E24}.Debug|Any CPU.Build.0 = Debug|Any CPU
		{9DE395CF-4152-484A-8905-79B193216E24}.Release|Any CPU.ActiveCfg = Release|Any CPU
		{9DE395CF-4152-484A-8905-79B193216E24}.Release|Any CPU.Build.0 = Release|Any CPU
		{ED4B901D-03A9-4850-9097-6390DFC3BE70}.Debug|Any CPU.ActiveCfg = Debug|Any CPU
		{ED4B901D-03A9-4850-9097-6390DFC3BE70}.Debug|Any CPU.Build.0 = Debug|Any CPU
		{ED4B901D-03A9-4850-9097-6390DFC3BE70}.Release|Any CPU.ActiveCfg = Release|Any CPU
		{ED4B901D-03A9-4850-9097-6390DFC3BE70}.Release|Any CPU.Build.0 = Release|Any CPU
		{539720F4-E9D3-41FF-8600-A6A6AF75CAC7}.Debug|Any CPU.ActiveCfg = Debug|Any CPU
		{539720F4-E9D3-41FF-8600-A6A6AF75CAC7}.Debug|Any CPU.Build.0 = Debug|Any CPU
		{539720F4-E9D3-41FF-8600-A6A6AF75CAC7}.Release|Any CPU.ActiveCfg = Release|Any CPU
		{539720F4-E9D3-41FF-8600-A6A6AF75CAC7}.Release|Any CPU.Build.0 = Release|Any CPU
		{8B867BF5-3AD5-4A7A-B0FF-66690D95E734}.Debug|Any CPU.ActiveCfg = Debug|Any CPU
		{8B867BF5-3AD5-4A7A-B0FF-66690D95E734}.Debug|Any CPU.Build.0 = Debug|Any CPU
		{8B867BF5-3AD5-4A7A-B0FF-66690D95E734}.Release|Any CPU.ActiveCfg = Release|Any CPU
		{8B867BF5-3AD5-4A7A-B0FF-66690D95E734}.Release|Any CPU.Build.0 = Release|Any CPU
	EndGlobalSection
	GlobalSection(NestedProjects) = preSolution
		{3A189E71-2287-48D0-9CFF-CCF7BD3A688A} = {81CA8F98-6777-431D-A9AF-FDD19A25F947}
		{9D81B891-2475-4958-B9C5-35387AEB9A68} = {81CA8F98-6777-431D-A9AF-FDD19A25F947}
		{D21A39C3-550F-4C78-9906-9D305A3DDA83} = {81CA8F98-6777-431D-A9AF-FDD19A25F947}
		{C3D22D1F-0C4C-40A6-8D3D-60851054FBFB} = {81CA8F98-6777-431D-A9AF-FDD19A25F947}
		{8B1DD370-1EB4-4A1D-816A-D1E2132CF077} = {C3D22D1F-0C4C-40A6-8D3D-60851054FBFB}
		{955F777F-589C-40F2-8037-D92ACA1BE0DD} = {C3D22D1F-0C4C-40A6-8D3D-60851054FBFB}
		{7FA92A06-EA1E-4C6D-9F18-8D39B106A1A6} = {C3D22D1F-0C4C-40A6-8D3D-60851054FBFB}
		{5348490D-264D-48D8-A664-7BC14C61ABCC} = {C3D22D1F-0C4C-40A6-8D3D-60851054FBFB}
		{2D5A220B-1CA3-4873-BA73-48BF5543BBD2} = {F3C10662-518C-44F0-B3FF-E4ED4A3AF28A}
		{9938CB32-7C09-4937-9BC5-750724254458} = {81CA8F98-6777-431D-A9AF-FDD19A25F947}
		{35E24F13-111C-4AA7-A0CC-DD235C21B4A0} = {9938CB32-7C09-4937-9BC5-750724254458}
		{F3B41E01-BEBD-44E8-9706-D864FE14D99D} = {9938CB32-7C09-4937-9BC5-750724254458}
		{7744D143-6943-40CD-B793-55C103BE2CE6} = {9938CB32-7C09-4937-9BC5-750724254458}
		{808D1858-E064-4891-91ED-BB864C6DBC44} = {9938CB32-7C09-4937-9BC5-750724254458}
		{F6467FDE-03A9-4561-9CF5-F16A7F23A1BF} = {81CA8F98-6777-431D-A9AF-FDD19A25F947}
		{B142329F-E76D-4785-AEA2-F78CA1E1BD0C} = {F6467FDE-03A9-4561-9CF5-F16A7F23A1BF}
		{940D41CE-4D68-4C16-A5A8-E3A47C1819F2} = {F6467FDE-03A9-4561-9CF5-F16A7F23A1BF}
		{D1369406-19DF-4659-AA08-33B9AA1EB642} = {F6467FDE-03A9-4561-9CF5-F16A7F23A1BF}
		{0C245EBC-A512-463D-BCC7-B6BC85B86D64} = {F6467FDE-03A9-4561-9CF5-F16A7F23A1BF}
		{13876E42-CD0B-47C7-91FE-D124587EA0D5} = {81CA8F98-6777-431D-A9AF-FDD19A25F947}
		{35D4ED22-EF90-464E-92D7-EF1BD71B61C7} = {13876E42-CD0B-47C7-91FE-D124587EA0D5}
		{676FAD09-E011-42C7-8BDD-1DA94B19D1AD} = {13876E42-CD0B-47C7-91FE-D124587EA0D5}
		{F3E294E4-0DAB-4AB2-9E6E-8FD3E5DA43B0} = {13876E42-CD0B-47C7-91FE-D124587EA0D5}
		{EC7105F0-8332-4820-8A36-2EB5579029EF} = {13876E42-CD0B-47C7-91FE-D124587EA0D5}
		{8D42FCD5-C700-4A8A-9C44-624151C42060} = {0685A46A-FBCF-4197-A0A2-9AC6BD830377}
		{0674D603-0A91-42E9-976B-166D12DDAD09} = {3B77AED7-CEB1-4B5D-BC45-787D4ECF82A6}
		{9DE395CF-4152-484A-8905-79B193216E24} = {0685A46A-FBCF-4197-A0A2-9AC6BD830377}
		{ED4B901D-03A9-4850-9097-6390DFC3BE70} = {0685A46A-FBCF-4197-A0A2-9AC6BD830377}
		{539720F4-E9D3-41FF-8600-A6A6AF75CAC7} = {0685A46A-FBCF-4197-A0A2-9AC6BD830377}
		{8B867BF5-3AD5-4A7A-B0FF-66690D95E734} = {A8823D14-E614-4E14-94E8-136ED9865C45}
	EndGlobalSection
EndGlobal
