
Microsoft Visual Studio Solution File, Format Version 12.00
Project("{FAE04EC0-301F-11D3-BF4B-00C04F79EFBC}") = "AuthService.API", "AuthService.API\AuthService.API.csproj", "{8B1DD370-1EB4-4A1D-816A-D1E2132CF077}"
EndProject
Project("{2150E333-8FDC-42A3-9474-1A3956D46DE8}") = "Solution Items", "Solution Items", "{CA92F951-6EC2-443A-B630-2BC884FAFEDB}"
	ProjectSection(SolutionItems) = preProject
		compose.yaml = compose.yaml
	EndProjectSection
EndProject
Project("{2150E333-8FDC-42A3-9474-1A3956D46DE8}") = "ApiGateway", "ApiGateway", "{A8823D14-E614-4E14-94E8-136ED9865C45}"
EndProject
Project("{2150E333-8FDC-42A3-9474-1A3956D46DE8}") = "Services", "Services", "{81CA8F98-6777-431D-A9AF-FDD19A25F947}"
EndProject
Project("{FAE04EC0-301F-11D3-BF4B-00C04F79EFBC}") = "RequestTicketService.API", "RequestTicketService.API\RequestTicketService.API.csproj", "{3A189E71-2287-48D0-9CFF-CCF7BD3A688A}"
EndProject
Project("{FAE04EC0-301F-11D3-BF4B-00C04F79EFBC}") = "AppointmentService.API", "AppointmentService.API\AppointmentService.API.csproj", "{35E24F13-111C-4AA7-A0CC-DD235C21B4A0}"
EndProject
Project("{FAE04EC0-301F-11D3-BF4B-00C04F79EFBC}") = "SystemFeedbackService", "SystemFeedbackService\SystemFeedbackService.csproj", "{D21A39C3-550F-4C78-9906-9D305A3DDA83}"
EndProject
Project("{2150E333-8FDC-42A3-9474-1A3956D46DE8}") = "AuthService", "AuthService", "{C3D22D1F-0C4C-40A6-8D3D-60851054FBFB}"
EndProject
Project("{FAE04EC0-301F-11D3-BF4B-00C04F79EFBC}") = "AuthService.Domain", "AuthService.Domain\AuthService.Domain.csproj", "{955F777F-589C-40F2-8037-D92ACA1BE0DD}"
EndProject
Project("{FAE04EC0-301F-11D3-BF4B-00C04F79EFBC}") = "AuthService.Application", "AuthService.Application\AuthService.Application.csproj", "{7FA92A06-EA1E-4C6D-9F18-8D39B106A1A6}"
EndProject
Project("{FAE04EC0-301F-11D3-BF4B-00C04F79EFBC}") = "AuthService.Infrastructure", "AuthService.Infrastructure\AuthService.Infrastructure.csproj", "{5348490D-264D-48D8-A664-7BC14C61ABCC}"
EndProject
Project("{2150E333-8FDC-42A3-9474-1A3956D46DE8}") = "BuildingBlocks", "BuildingBlocks", "{F3C10662-518C-44F0-B3FF-E4ED4A3AF28A}"
EndProject
Project("{FAE04EC0-301F-11D3-BF4B-00C04F79EFBC}") = "BuildingBlocks", "BuildingBlocks\BuildingBlocks.csproj", "{2D5A220B-1CA3-4873-BA73-48BF5543BBD2}"
EndProject
Project("{2150E333-8FDC-42A3-9474-1A3956D46DE8}") = "AppointmentService", "AppointmentService", "{9938CB32-7C09-4937-9BC5-750724254458}"
EndProject
Project("{FAE04EC0-301F-11D3-BF4B-00C04F79EFBC}") = "AppointmentService.Domain", "AppointmentService.Domain\AppointmentService.Domain.csproj", "{F3B41E01-BEBD-44E8-9706-D864FE14D99D}"
EndProject
Project("{FAE04EC0-301F-11D3-BF4B-00C04F79EFBC}") = "AppointmentService.Application", "AppointmentService.Application\AppointmentService.Application.csproj", "{7744D143-6943-40CD-B793-55C103BE2CE6}"
EndProject
Project("{FAE04EC0-301F-11D3-BF4B-00C04F79EFBC}") = "AppointmentService.Infrastructure", "AppointmentService.Infrastructure\AppointmentService.Infrastructure.csproj", "{808D1858-E064-4891-91ED-BB864C6DBC44}"
EndProject
Project("{2150E333-8FDC-42A3-9474-1A3956D46DE8}") = "Shared", "Shared", "{0685A46A-FBCF-4197-A0A2-9AC6BD830377}"
EndProject
Project("{FAE04EC0-301F-11D3-BF4B-00C04F79EFBC}") = "Common", "Common\Common.csproj", "{8D42FCD5-C700-4A8A-9C44-624151C42060}"
EndProject
Project("{2150E333-8FDC-42A3-9474-1A3956D46DE8}") = "Messages", "Messages", "{3B77AED7-CEB1-4B5D-BC45-787D4ECF82A6}"
EndProject
Project("{FAE04EC0-301F-11D3-BF4B-00C04F79EFBC}") = "RabbitMQ", "RabbitMQ\RabbitMQ.csproj", "{0674D603-0A91-42E9-976B-166D12DDAD09}"
EndProject
Project("{FAE04EC0-301F-11D3-BF4B-00C04F79EFBC}") = "Shared.Infrastructure", "Shared.Infrastructure\Shared.Infrastructure.csproj", "{ED4B901D-03A9-4850-9097-6390DFC3BE70}"
EndProject
Project("{FAE04EC0-301F-11D3-BF4B-00C04F79EFBC}") = "Shared.Application", "Shared.Application\Shared.Application.csproj", "{539720F4-E9D3-41FF-8600-A6A6AF75CAC7}"
EndProject
Project("{FAE04EC0-301F-11D3-BF4B-00C04F79EFBC}") = "ReverseProxy", "ReverseProxy\ReverseProxy.csproj", "{8B867BF5-3AD5-4A7A-B0FF-66690D95E734}"
EndProject
Project("{2150E333-8FDC-42A3-9474-1A3956D46DE8}") = "RequesticketService", "RequesticketService", "{49A9B5BB-B00B-4F5B-B9C3-80D6CA98521B}"
EndProject
Project("{FAE04EC0-301F-11D3-BF4B-00C04F79EFBC}") = "RequestTicketService.Infrastructure", "RequestTicketService.Infrastructure\RequestTicketService.Infrastructure.csproj", "{A173AF69-08DD-4C18-BB7D-E8138F9A3D2F}"
EndProject
Project("{FAE04EC0-301F-11D3-BF4B-00C04F79EFBC}") = "RequestTicketService.Domain", "RequestTicketService.Domain\RequestTicketService.Domain.csproj", "{23341044-120E-4781-A019-5C5DA70F15E9}"
EndProject
Project("{FAE04EC0-301F-11D3-BF4B-00C04F79EFBC}") = "RequestTicketService.Application", "RequestTicketService.Application\RequestTicketService.Application.csproj", "{A38ABABC-3028-4EBD-9AA4-DE51D9F5BFE5}"
EndProject
Project("{FAE04EC0-301F-11D3-BF4B-00C04F79EFBC}") = "ChatService", "ChatService\ChatService.csproj", "{0478301F-FADD-41D8-A989-7474B3A1145A}"
EndProject
Global
	GlobalSection(SolutionConfigurationPlatforms) = preSolution
		Debug|Any CPU = Debug|Any CPU
		Release|Any CPU = Release|Any CPU
	EndGlobalSection
	GlobalSection(ProjectConfigurationPlatforms) = postSolution
		{8B1DD370-1EB4-4A1D-816A-D1E2132CF077}.Debug|Any CPU.ActiveCfg = Debug|Any CPU
		{8B1DD370-1EB4-4A1D-816A-D1E2132CF077}.Debug|Any CPU.Build.0 = Debug|Any CPU
		{8B1DD370-1EB4-4A1D-816A-D1E2132CF077}.Release|Any CPU.ActiveCfg = Release|Any CPU
		{8B1DD370-1EB4-4A1D-816A-D1E2132CF077}.Release|Any CPU.Build.0 = Release|Any CPU
		{3A189E71-2287-48D0-9CFF-CCF7BD3A688A}.Debug|Any CPU.ActiveCfg = Debug|Any CPU
		{3A189E71-2287-48D0-9CFF-CCF7BD3A688A}.Debug|Any CPU.Build.0 = Debug|Any CPU
		{3A189E71-2287-48D0-9CFF-CCF7BD3A688A}.Release|Any CPU.ActiveCfg = Release|Any CPU
		{3A189E71-2287-48D0-9CFF-CCF7BD3A688A}.Release|Any CPU.Build.0 = Release|Any CPU
		{35E24F13-111C-4AA7-A0CC-DD235C21B4A0}.Debug|Any CPU.ActiveCfg = Debug|Any CPU
		{35E24F13-111C-4AA7-A0CC-DD235C21B4A0}.Debug|Any CPU.Build.0 = Debug|Any CPU
		{35E24F13-111C-4AA7-A0CC-DD235C21B4A0}.Release|Any CPU.ActiveCfg = Release|Any CPU
		{35E24F13-111C-4AA7-A0CC-DD235C21B4A0}.Release|Any CPU.Build.0 = Release|Any CPU
		{D21A39C3-550F-4C78-9906-9D305A3DDA83}.Debug|Any CPU.ActiveCfg = Debug|Any CPU
		{D21A39C3-550F-4C78-9906-9D305A3DDA83}.Debug|Any CPU.Build.0 = Debug|Any CPU
		{D21A39C3-550F-4C78-9906-9D305A3DDA83}.Release|Any CPU.ActiveCfg = Release|Any CPU
		{D21A39C3-550F-4C78-9906-9D305A3DDA83}.Release|Any CPU.Build.0 = Release|Any CPU
		{955F777F-589C-40F2-8037-D92ACA1BE0DD}.Debug|Any CPU.ActiveCfg = Debug|Any CPU
		{955F777F-589C-40F2-8037-D92ACA1BE0DD}.Debug|Any CPU.Build.0 = Debug|Any CPU
		{955F777F-589C-40F2-8037-D92ACA1BE0DD}.Release|Any CPU.ActiveCfg = Release|Any CPU
		{955F777F-589C-40F2-8037-D92ACA1BE0DD}.Release|Any CPU.Build.0 = Release|Any CPU
		{7FA92A06-EA1E-4C6D-9F18-8D39B106A1A6}.Debug|Any CPU.ActiveCfg = Debug|Any CPU
		{7FA92A06-EA1E-4C6D-9F18-8D39B106A1A6}.Debug|Any CPU.Build.0 = Debug|Any CPU
		{7FA92A06-EA1E-4C6D-9F18-8D39B106A1A6}.Release|Any CPU.ActiveCfg = Release|Any CPU
		{7FA92A06-EA1E-4C6D-9F18-8D39B106A1A6}.Release|Any CPU.Build.0 = Release|Any CPU
		{5348490D-264D-48D8-A664-7BC14C61ABCC}.Debug|Any CPU.ActiveCfg = Debug|Any CPU
		{5348490D-264D-48D8-A664-7BC14C61ABCC}.Debug|Any CPU.Build.0 = Debug|Any CPU
		{5348490D-264D-48D8-A664-7BC14C61ABCC}.Release|Any CPU.ActiveCfg = Release|Any CPU
		{5348490D-264D-48D8-A664-7BC14C61ABCC}.Release|Any CPU.Build.0 = Release|Any CPU
		{2D5A220B-1CA3-4873-BA73-48BF5543BBD2}.Debug|Any CPU.ActiveCfg = Debug|Any CPU
		{2D5A220B-1CA3-4873-BA73-48BF5543BBD2}.Debug|Any CPU.Build.0 = Debug|Any CPU
		{2D5A220B-1CA3-4873-BA73-48BF5543BBD2}.Release|Any CPU.ActiveCfg = Release|Any CPU
		{2D5A220B-1CA3-4873-BA73-48BF5543BBD2}.Release|Any CPU.Build.0 = Release|Any CPU
		{F3B41E01-BEBD-44E8-9706-D864FE14D99D}.Debug|Any CPU.ActiveCfg = Debug|Any CPU
		{F3B41E01-BEBD-44E8-9706-D864FE14D99D}.Debug|Any CPU.Build.0 = Debug|Any CPU
		{F3B41E01-BEBD-44E8-9706-D864FE14D99D}.Release|Any CPU.ActiveCfg = Release|Any CPU
		{F3B41E01-BEBD-44E8-9706-D864FE14D99D}.Release|Any CPU.Build.0 = Release|Any CPU
		{7744D143-6943-40CD-B793-55C103BE2CE6}.Debug|Any CPU.ActiveCfg = Debug|Any CPU
		{7744D143-6943-40CD-B793-55C103BE2CE6}.Debug|Any CPU.Build.0 = Debug|Any CPU
		{7744D143-6943-40CD-B793-55C103BE2CE6}.Release|Any CPU.ActiveCfg = Release|Any CPU
		{7744D143-6943-40CD-B793-55C103BE2CE6}.Release|Any CPU.Build.0 = Release|Any CPU
		{808D1858-E064-4891-91ED-BB864C6DBC44}.Debug|Any CPU.ActiveCfg = Debug|Any CPU
		{808D1858-E064-4891-91ED-BB864C6DBC44}.Debug|Any CPU.Build.0 = Debug|Any CPU
		{808D1858-E064-4891-91ED-BB864C6DBC44}.Release|Any CPU.ActiveCfg = Release|Any CPU
		{808D1858-E064-4891-91ED-BB864C6DBC44}.Release|Any CPU.Build.0 = Release|Any CPU
		{8D42FCD5-C700-4A8A-9C44-624151C42060}.Debug|Any CPU.ActiveCfg = Debug|Any CPU
		{8D42FCD5-C700-4A8A-9C44-624151C42060}.Debug|Any CPU.Build.0 = Debug|Any CPU
		{8D42FCD5-C700-4A8A-9C44-624151C42060}.Release|Any CPU.ActiveCfg = Release|Any CPU
		{8D42FCD5-C700-4A8A-9C44-624151C42060}.Release|Any CPU.Build.0 = Release|Any CPU
		{0674D603-0A91-42E9-976B-166D12DDAD09}.Debug|Any CPU.ActiveCfg = Debug|Any CPU
		{0674D603-0A91-42E9-976B-166D12DDAD09}.Debug|Any CPU.Build.0 = Debug|Any CPU
		{0674D603-0A91-42E9-976B-166D12DDAD09}.Release|Any CPU.ActiveCfg = Release|Any CPU
		{0674D603-0A91-42E9-976B-166D12DDAD09}.Release|Any CPU.Build.0 = Release|Any CPU
		{ED4B901D-03A9-4850-9097-6390DFC3BE70}.Debug|Any CPU.ActiveCfg = Debug|Any CPU
		{ED4B901D-03A9-4850-9097-6390DFC3BE70}.Debug|Any CPU.Build.0 = Debug|Any CPU
		{ED4B901D-03A9-4850-9097-6390DFC3BE70}.Release|Any CPU.ActiveCfg = Release|Any CPU
		{ED4B901D-03A9-4850-9097-6390DFC3BE70}.Release|Any CPU.Build.0 = Release|Any CPU
		{539720F4-E9D3-41FF-8600-A6A6AF75CAC7}.Debug|Any CPU.ActiveCfg = Debug|Any CPU
		{539720F4-E9D3-41FF-8600-A6A6AF75CAC7}.Debug|Any CPU.Build.0 = Debug|Any CPU
		{539720F4-E9D3-41FF-8600-A6A6AF75CAC7}.Release|Any CPU.ActiveCfg = Release|Any CPU
		{539720F4-E9D3-41FF-8600-A6A6AF75CAC7}.Release|Any CPU.Build.0 = Release|Any CPU
		{8B867BF5-3AD5-4A7A-B0FF-66690D95E734}.Debug|Any CPU.ActiveCfg = Debug|Any CPU
		{8B867BF5-3AD5-4A7A-B0FF-66690D95E734}.Debug|Any CPU.Build.0 = Debug|Any CPU
		{8B867BF5-3AD5-4A7A-B0FF-66690D95E734}.Release|Any CPU.ActiveCfg = Release|Any CPU
		{8B867BF5-3AD5-4A7A-B0FF-66690D95E734}.Release|Any CPU.Build.0 = Release|Any CPU
		{A173AF69-08DD-4C18-BB7D-E8138F9A3D2F}.Debug|Any CPU.ActiveCfg = Debug|Any CPU
		{A173AF69-08DD-4C18-BB7D-E8138F9A3D2F}.Debug|Any CPU.Build.0 = Debug|Any CPU
		{A173AF69-08DD-4C18-BB7D-E8138F9A3D2F}.Release|Any CPU.ActiveCfg = Release|Any CPU
		{A173AF69-08DD-4C18-BB7D-E8138F9A3D2F}.Release|Any CPU.Build.0 = Release|Any CPU
		{23341044-120E-4781-A019-5C5DA70F15E9}.Debug|Any CPU.ActiveCfg = Debug|Any CPU
		{23341044-120E-4781-A019-5C5DA70F15E9}.Debug|Any CPU.Build.0 = Debug|Any CPU
		{23341044-120E-4781-A019-5C5DA70F15E9}.Release|Any CPU.ActiveCfg = Release|Any CPU
		{23341044-120E-4781-A019-5C5DA70F15E9}.Release|Any CPU.Build.0 = Release|Any CPU
		{A38ABABC-3028-4EBD-9AA4-DE51D9F5BFE5}.Debug|Any CPU.ActiveCfg = Debug|Any CPU
		{A38ABABC-3028-4EBD-9AA4-DE51D9F5BFE5}.Debug|Any CPU.Build.0 = Debug|Any CPU
		{A38ABABC-3028-4EBD-9AA4-DE51D9F5BFE5}.Release|Any CPU.ActiveCfg = Release|Any CPU
		{A38ABABC-3028-4EBD-9AA4-DE51D9F5BFE5}.Release|Any CPU.Build.0 = Release|Any CPU
		{0478301F-FADD-41D8-A989-7474B3A1145A}.Debug|Any CPU.ActiveCfg = Debug|Any CPU
		{0478301F-FADD-41D8-A989-7474B3A1145A}.Debug|Any CPU.Build.0 = Debug|Any CPU
		{0478301F-FADD-41D8-A989-7474B3A1145A}.Release|Any CPU.ActiveCfg = Release|Any CPU
		{0478301F-FADD-41D8-A989-7474B3A1145A}.Release|Any CPU.Build.0 = Release|Any CPU
	EndGlobalSection
	GlobalSection(NestedProjects) = preSolution
		{D21A39C3-550F-4C78-9906-9D305A3DDA83} = {81CA8F98-6777-431D-A9AF-FDD19A25F947}
		{C3D22D1F-0C4C-40A6-8D3D-60851054FBFB} = {81CA8F98-6777-431D-A9AF-FDD19A25F947}
		{8B1DD370-1EB4-4A1D-816A-D1E2132CF077} = {C3D22D1F-0C4C-40A6-8D3D-60851054FBFB}
		{955F777F-589C-40F2-8037-D92ACA1BE0DD} = {C3D22D1F-0C4C-40A6-8D3D-60851054FBFB}
		{7FA92A06-EA1E-4C6D-9F18-8D39B106A1A6} = {C3D22D1F-0C4C-40A6-8D3D-60851054FBFB}
		{5348490D-264D-48D8-A664-7BC14C61ABCC} = {C3D22D1F-0C4C-40A6-8D3D-60851054FBFB}
		{2D5A220B-1CA3-4873-BA73-48BF5543BBD2} = {F3C10662-518C-44F0-B3FF-E4ED4A3AF28A}
		{9938CB32-7C09-4937-9BC5-750724254458} = {81CA8F98-6777-431D-A9AF-FDD19A25F947}
		{35E24F13-111C-4AA7-A0CC-DD235C21B4A0} = {9938CB32-7C09-4937-9BC5-750724254458}
		{F3B41E01-BEBD-44E8-9706-D864FE14D99D} = {9938CB32-7C09-4937-9BC5-750724254458}
		{7744D143-6943-40CD-B793-55C103BE2CE6} = {9938CB32-7C09-4937-9BC5-750724254458}
		{808D1858-E064-4891-91ED-BB864C6DBC44} = {9938CB32-7C09-4937-9BC5-750724254458}
		{8D42FCD5-C700-4A8A-9C44-624151C42060} = {0685A46A-FBCF-4197-A0A2-9AC6BD830377}
		{0674D603-0A91-42E9-976B-166D12DDAD09} = {3B77AED7-CEB1-4B5D-BC45-787D4ECF82A6}
		{ED4B901D-03A9-4850-9097-6390DFC3BE70} = {0685A46A-FBCF-4197-A0A2-9AC6BD830377}
		{539720F4-E9D3-41FF-8600-A6A6AF75CAC7} = {0685A46A-FBCF-4197-A0A2-9AC6BD830377}
		{8B867BF5-3AD5-4A7A-B0FF-66690D95E734} = {A8823D14-E614-4E14-94E8-136ED9865C45}
		{49A9B5BB-B00B-4F5B-B9C3-80D6CA98521B} = {81CA8F98-6777-431D-A9AF-FDD19A25F947}
		{3A189E71-2287-48D0-9CFF-CCF7BD3A688A} = {49A9B5BB-B00B-4F5B-B9C3-80D6CA98521B}
		{A173AF69-08DD-4C18-BB7D-E8138F9A3D2F} = {49A9B5BB-B00B-4F5B-B9C3-80D6CA98521B}
		{23341044-120E-4781-A019-5C5DA70F15E9} = {49A9B5BB-B00B-4F5B-B9C3-80D6CA98521B}
		{A38ABABC-3028-4EBD-9AA4-DE51D9F5BFE5} = {49A9B5BB-B00B-4F5B-B9C3-80D6CA98521B}
		{0478301F-FADD-41D8-A989-7474B3A1145A} = {81CA8F98-6777-431D-A9AF-FDD19A25F947}
	EndGlobalSection
EndGlobal
